// !$*UTF8*$!
{
	archiveVersion = 1;
	classes = {
	};
	objectVersion = 56;
	objects = {

/* Begin PBXBuildFile section */
		F14414082CBFE599005C4167 /* APIModels.swift in Sources */ = {isa = PBXBuildFile; fileRef = F14414072CBFE599005C4167 /* APIModels.swift */; };
		F17F2ABC2C900FC500C6804F /* Assets.xcassets in Resources */ = {isa = PBXBuildFile; fileRef = F17F2ABB2C900FC500C6804F /* Assets.xcassets */; };
		F17F2ABF2C900FC500C6804F /* Preview Assets.xcassets in Resources */ = {isa = PBXBuildFile; fileRef = F17F2ABE2C900FC500C6804F /* Preview Assets.xcassets */; };
		F17F2AD32C900FC600C6804F /* ObserverUITests.swift in Sources */ = {isa = PBXBuildFile; fileRef = F17F2AD22C900FC600C6804F /* ObserverUITests.swift */; };
		F17F2AD52C900FC600C6804F /* ObserverUITestsLaunchTests.swift in Sources */ = {isa = PBXBuildFile; fileRef = F17F2AD42C900FC600C6804F /* ObserverUITestsLaunchTests.swift */; };
		F17F2AE22C90106A00C6804F /* LoginView.swift in Sources */ = {isa = PBXBuildFile; fileRef = F17F2AE12C90106A00C6804F /* LoginView.swift */; };
		F17F2AE42C90108800C6804F /* NavigationBarView.swift in Sources */ = {isa = PBXBuildFile; fileRef = F17F2AE32C90108800C6804F /* NavigationBarView.swift */; };
		F17F2AE62C9010A700C6804F /* OAuth2LoginButton.swift in Sources */ = {isa = PBXBuildFile; fileRef = F17F2AE52C9010A700C6804F /* OAuth2LoginButton.swift */; };
		F17F2AE82C9010BB00C6804F /* HomeView.swift in Sources */ = {isa = PBXBuildFile; fileRef = F17F2AE72C9010BB00C6804F /* HomeView.swift */; };
		F17F2AEA2C9010DC00C6804F /* PriceHistoryChartView.swift in Sources */ = {isa = PBXBuildFile; fileRef = F17F2AE92C9010DC00C6804F /* PriceHistoryChartView.swift */; };
		F17F2AEC2C9010F300C6804F /* ProductResponseDto.swift in Sources */ = {isa = PBXBuildFile; fileRef = F17F2AEB2C9010F300C6804F /* ProductResponseDto.swift */; };
		F17F2AF02C90111A00C6804F /* ProductCardView.swift in Sources */ = {isa = PBXBuildFile; fileRef = F17F2AEF2C90111A00C6804F /* ProductCardView.swift */; };
		F17F2AF22C90113300C6804F /* SearchBarView.swift in Sources */ = {isa = PBXBuildFile; fileRef = F17F2AF12C90113300C6804F /* SearchBarView.swift */; };
		F17F2AF42C90115200C6804F /* ProductDetailView.swift in Sources */ = {isa = PBXBuildFile; fileRef = F17F2AF32C90115200C6804F /* ProductDetailView.swift */; };
		F17F2AF82C9011F800C6804F /* APIClient.swift in Sources */ = {isa = PBXBuildFile; fileRef = F17F2AF72C9011F800C6804F /* APIClient.swift */; };
		F17F2AFA2C90129400C6804F /* Constants.swift in Sources */ = {isa = PBXBuildFile; fileRef = F17F2AF92C90129400C6804F /* Constants.swift */; };
		F17F2AFC2C9015D000C6804F /* LikesView.swift in Sources */ = {isa = PBXBuildFile; fileRef = F17F2AFB2C9015D000C6804F /* LikesView.swift */; };
		F17F2AFE2C90166C00C6804F /* SearchResultsView.swift in Sources */ = {isa = PBXBuildFile; fileRef = F17F2AFD2C90166C00C6804F /* SearchResultsView.swift */; };
		F17F2B002C9016DD00C6804F /* SignUpView.swift in Sources */ = {isa = PBXBuildFile; fileRef = F17F2AFF2C9016DD00C6804F /* SignUpView.swift */; };
		F17F2B0B2C91483F00C6804F /* FavoriteService.swift in Sources */ = {isa = PBXBuildFile; fileRef = F17F2B0A2C91483F00C6804F /* FavoriteService.swift */; };
		F17F2B0D2C91486C00C6804F /* FavoriteManager.swift in Sources */ = {isa = PBXBuildFile; fileRef = F17F2B0C2C91486C00C6804F /* FavoriteManager.swift */; };
		F1AEE4D32CB40DA60073FD9B /* Session.swift in Sources */ = {isa = PBXBuildFile; fileRef = F1AEE4D22CB40DA60073FD9B /* Session.swift */; };
		F1B735662C96BC10007A9844 /* ObserverApp.swift in Sources */ = {isa = PBXBuildFile; fileRef = F1B735652C96BC10007A9844 /* ObserverApp.swift */; };
		F1B7356A2C96C092007A9844 /* AppleSignInService.swift in Sources */ = {isa = PBXBuildFile; fileRef = F1B735692C96C092007A9844 /* AppleSignInService.swift */; };
		F1B7356C2C96C265007A9844 /* SessionService.swift in Sources */ = {isa = PBXBuildFile; fileRef = F1B7356B2C96C265007A9844 /* SessionService.swift */; };
		F1B7356E2C96EC7F007A9844 /* SessionManager.swift in Sources */ = {isa = PBXBuildFile; fileRef = F1B7356D2C96EC7F007A9844 /* SessionManager.swift */; };
		F1B735702C983AAE007A9844 /* AgreementView.swift in Sources */ = {isa = PBXBuildFile; fileRef = F1B7356F2C983AAE007A9844 /* AgreementView.swift */; };
		F1B735762C984266007A9844 /* .gitignore in Resources */ = {isa = PBXBuildFile; fileRef = F1B735752C984266007A9844 /* .gitignore */; };
		F1B735772C984266007A9844 /* .gitignore in Resources */ = {isa = PBXBuildFile; fileRef = F1B735752C984266007A9844 /* .gitignore */; };
		F1B735782C984266007A9844 /* .gitignore in Resources */ = {isa = PBXBuildFile; fileRef = F1B735752C984266007A9844 /* .gitignore */; };
		F1B7357A2C998FDF007A9844 /* APIClientTests.swift in Sources */ = {isa = PBXBuildFile; fileRef = F1B735792C998FDF007A9844 /* APIClientTests.swift */; };
		F1E65AD82C92E413008C6721 /* AuthViewModel.swift in Sources */ = {isa = PBXBuildFile; fileRef = F1E65AD72C92E413008C6721 /* AuthViewModel.swift */; };
/* End PBXBuildFile section */

/* Begin PBXContainerItemProxy section */
		F17F2AC52C900FC600C6804F /* PBXContainerItemProxy */ = {
			isa = PBXContainerItemProxy;
			containerPortal = F17F2AAC2C900FC400C6804F /* Project object */;
			proxyType = 1;
			remoteGlobalIDString = F17F2AB32C900FC400C6804F;
			remoteInfo = Observer;
		};
		F17F2ACF2C900FC600C6804F /* PBXContainerItemProxy */ = {
			isa = PBXContainerItemProxy;
			containerPortal = F17F2AAC2C900FC400C6804F /* Project object */;
			proxyType = 1;
			remoteGlobalIDString = F17F2AB32C900FC400C6804F;
			remoteInfo = Observer;
		};
/* End PBXContainerItemProxy section */

/* Begin PBXFileReference section */
		F14414072CBFE599005C4167 /* APIModels.swift */ = {isa = PBXFileReference; lastKnownFileType = sourcecode.swift; path = APIModels.swift; sourceTree = "<group>"; };
		F17F2AB42C900FC400C6804F /* Observer.app */ = {isa = PBXFileReference; explicitFileType = wrapper.application; includeInIndex = 0; path = Observer.app; sourceTree = BUILT_PRODUCTS_DIR; };
		F17F2ABB2C900FC500C6804F /* Assets.xcassets */ = {isa = PBXFileReference; lastKnownFileType = folder.assetcatalog; path = Assets.xcassets; sourceTree = "<group>"; };
		F17F2ABE2C900FC500C6804F /* Preview Assets.xcassets */ = {isa = PBXFileReference; lastKnownFileType = folder.assetcatalog; path = "Preview Assets.xcassets"; sourceTree = "<group>"; };
		F17F2AC42C900FC600C6804F /* ObserverTests.xctest */ = {isa = PBXFileReference; explicitFileType = wrapper.cfbundle; includeInIndex = 0; path = ObserverTests.xctest; sourceTree = BUILT_PRODUCTS_DIR; };
		F17F2ACE2C900FC600C6804F /* ObserverUITests.xctest */ = {isa = PBXFileReference; explicitFileType = wrapper.cfbundle; includeInIndex = 0; path = ObserverUITests.xctest; sourceTree = BUILT_PRODUCTS_DIR; };
		F17F2AD22C900FC600C6804F /* ObserverUITests.swift */ = {isa = PBXFileReference; lastKnownFileType = sourcecode.swift; path = ObserverUITests.swift; sourceTree = "<group>"; };
		F17F2AD42C900FC600C6804F /* ObserverUITestsLaunchTests.swift */ = {isa = PBXFileReference; lastKnownFileType = sourcecode.swift; path = ObserverUITestsLaunchTests.swift; sourceTree = "<group>"; };
		F17F2AE12C90106A00C6804F /* LoginView.swift */ = {isa = PBXFileReference; lastKnownFileType = sourcecode.swift; path = LoginView.swift; sourceTree = "<group>"; };
		F17F2AE32C90108800C6804F /* NavigationBarView.swift */ = {isa = PBXFileReference; lastKnownFileType = sourcecode.swift; path = NavigationBarView.swift; sourceTree = "<group>"; };
		F17F2AE52C9010A700C6804F /* OAuth2LoginButton.swift */ = {isa = PBXFileReference; lastKnownFileType = sourcecode.swift; path = OAuth2LoginButton.swift; sourceTree = "<group>"; };
		F17F2AE72C9010BB00C6804F /* HomeView.swift */ = {isa = PBXFileReference; lastKnownFileType = sourcecode.swift; path = HomeView.swift; sourceTree = "<group>"; };
		F17F2AE92C9010DC00C6804F /* PriceHistoryChartView.swift */ = {isa = PBXFileReference; lastKnownFileType = sourcecode.swift; path = PriceHistoryChartView.swift; sourceTree = "<group>"; };
		F17F2AEB2C9010F300C6804F /* ProductResponseDto.swift */ = {isa = PBXFileReference; lastKnownFileType = sourcecode.swift; path = ProductResponseDto.swift; sourceTree = "<group>"; };
		F17F2AEF2C90111A00C6804F /* ProductCardView.swift */ = {isa = PBXFileReference; lastKnownFileType = sourcecode.swift; path = ProductCardView.swift; sourceTree = "<group>"; };
		F17F2AF12C90113300C6804F /* SearchBarView.swift */ = {isa = PBXFileReference; lastKnownFileType = sourcecode.swift; path = SearchBarView.swift; sourceTree = "<group>"; };
		F17F2AF32C90115200C6804F /* ProductDetailView.swift */ = {isa = PBXFileReference; lastKnownFileType = sourcecode.swift; path = ProductDetailView.swift; sourceTree = "<group>"; };
		F17F2AF72C9011F800C6804F /* APIClient.swift */ = {isa = PBXFileReference; lastKnownFileType = sourcecode.swift; path = APIClient.swift; sourceTree = "<group>"; };
		F17F2AF92C90129400C6804F /* Constants.swift */ = {isa = PBXFileReference; lastKnownFileType = sourcecode.swift; path = Constants.swift; sourceTree = "<group>"; };
		F17F2AFB2C9015D000C6804F /* LikesView.swift */ = {isa = PBXFileReference; lastKnownFileType = sourcecode.swift; path = LikesView.swift; sourceTree = "<group>"; };
		F17F2AFD2C90166C00C6804F /* SearchResultsView.swift */ = {isa = PBXFileReference; lastKnownFileType = sourcecode.swift; path = SearchResultsView.swift; sourceTree = "<group>"; };
		F17F2AFF2C9016DD00C6804F /* SignUpView.swift */ = {isa = PBXFileReference; lastKnownFileType = sourcecode.swift; path = SignUpView.swift; sourceTree = "<group>"; };
		F17F2B0A2C91483F00C6804F /* FavoriteService.swift */ = {isa = PBXFileReference; lastKnownFileType = sourcecode.swift; path = FavoriteService.swift; sourceTree = "<group>"; };
		F17F2B0C2C91486C00C6804F /* FavoriteManager.swift */ = {isa = PBXFileReference; lastKnownFileType = sourcecode.swift; path = FavoriteManager.swift; sourceTree = "<group>"; };
		F1AEE4D12CACDAF80073FD9B /* Observer.entitlements */ = {isa = PBXFileReference; lastKnownFileType = text.plist.entitlements; path = Observer.entitlements; sourceTree = "<group>"; };
		F1AEE4D22CB40DA60073FD9B /* Session.swift */ = {isa = PBXFileReference; lastKnownFileType = sourcecode.swift; path = Session.swift; sourceTree = "<group>"; };
		F1B735652C96BC10007A9844 /* ObserverApp.swift */ = {isa = PBXFileReference; lastKnownFileType = sourcecode.swift; path = ObserverApp.swift; sourceTree = "<group>"; };
		F1B735692C96C092007A9844 /* AppleSignInService.swift */ = {isa = PBXFileReference; lastKnownFileType = sourcecode.swift; path = AppleSignInService.swift; sourceTree = "<group>"; };
		F1B7356B2C96C265007A9844 /* SessionService.swift */ = {isa = PBXFileReference; lastKnownFileType = sourcecode.swift; path = SessionService.swift; sourceTree = "<group>"; };
		F1B7356D2C96EC7F007A9844 /* SessionManager.swift */ = {isa = PBXFileReference; lastKnownFileType = sourcecode.swift; path = SessionManager.swift; sourceTree = "<group>"; };
		F1B7356F2C983AAE007A9844 /* AgreementView.swift */ = {isa = PBXFileReference; lastKnownFileType = sourcecode.swift; path = AgreementView.swift; sourceTree = "<group>"; };
		F1B735752C984266007A9844 /* .gitignore */ = {isa = PBXFileReference; lastKnownFileType = text; path = .gitignore; sourceTree = "<group>"; };
		F1B735792C998FDF007A9844 /* APIClientTests.swift */ = {isa = PBXFileReference; lastKnownFileType = sourcecode.swift; path = APIClientTests.swift; sourceTree = "<group>"; };
		F1E65AD72C92E413008C6721 /* AuthViewModel.swift */ = {isa = PBXFileReference; lastKnownFileType = sourcecode.swift; path = AuthViewModel.swift; sourceTree = "<group>"; };
/* End PBXFileReference section */

/* Begin PBXFrameworksBuildPhase section */
		F17F2AB12C900FC400C6804F /* Frameworks */ = {
			isa = PBXFrameworksBuildPhase;
			buildActionMask = 2147483647;
			files = (
			);
			runOnlyForDeploymentPostprocessing = 0;
		};
		F17F2AC12C900FC600C6804F /* Frameworks */ = {
			isa = PBXFrameworksBuildPhase;
			buildActionMask = 2147483647;
			files = (
			);
			runOnlyForDeploymentPostprocessing = 0;
		};
		F17F2ACB2C900FC600C6804F /* Frameworks */ = {
			isa = PBXFrameworksBuildPhase;
			buildActionMask = 2147483647;
			files = (
			);
			runOnlyForDeploymentPostprocessing = 0;
		};
/* End PBXFrameworksBuildPhase section */

/* Begin PBXGroup section */
		F17F2AAB2C900FC400C6804F = {
			isa = PBXGroup;
			children = (
				F1B735752C984266007A9844 /* .gitignore */,
				F17F2AB62C900FC400C6804F /* Observer */,
				F17F2AC72C900FC600C6804F /* ObserverTests */,
				F17F2AD12C900FC600C6804F /* ObserverUITests */,
				F17F2AB52C900FC400C6804F /* Products */,
			);
			sourceTree = "<group>";
		};
		F17F2AB52C900FC400C6804F /* Products */ = {
			isa = PBXGroup;
			children = (
				F17F2AB42C900FC400C6804F /* Observer.app */,
				F17F2AC42C900FC600C6804F /* ObserverTests.xctest */,
				F17F2ACE2C900FC600C6804F /* ObserverUITests.xctest */,
			);
			name = Products;
			sourceTree = "<group>";
		};
		F17F2AB62C900FC400C6804F /* Observer */ = {
			isa = PBXGroup;
			children = (
				F1AEE4D12CACDAF80073FD9B /* Observer.entitlements */,
				F1B7356F2C983AAE007A9844 /* AgreementView.swift */,
				F17F2AF72C9011F800C6804F /* APIClient.swift */,
				F1B735692C96C092007A9844 /* AppleSignInService.swift */,
				F1E65AD72C92E413008C6721 /* AuthViewModel.swift */,
				F17F2AF92C90129400C6804F /* Constants.swift */,
				F17F2B0C2C91486C00C6804F /* FavoriteManager.swift */,
				F17F2B0A2C91483F00C6804F /* FavoriteService.swift */,
				F17F2AE72C9010BB00C6804F /* HomeView.swift */,
				F17F2AFB2C9015D000C6804F /* LikesView.swift */,
				F17F2AE12C90106A00C6804F /* LoginView.swift */,
				F17F2AE32C90108800C6804F /* NavigationBarView.swift */,
				F17F2AE52C9010A700C6804F /* OAuth2LoginButton.swift */,
				F1B735652C96BC10007A9844 /* ObserverApp.swift */,
				F17F2AE92C9010DC00C6804F /* PriceHistoryChartView.swift */,
				F17F2AEF2C90111A00C6804F /* ProductCardView.swift */,
				F17F2AF32C90115200C6804F /* ProductDetailView.swift */,
				F17F2AEB2C9010F300C6804F /* ProductResponseDto.swift */,
				F17F2AF12C90113300C6804F /* SearchBarView.swift */,
				F17F2AFD2C90166C00C6804F /* SearchResultsView.swift */,
				F1AEE4D22CB40DA60073FD9B /* Session.swift */,
				F1B7356D2C96EC7F007A9844 /* SessionManager.swift */,
				F1B7356B2C96C265007A9844 /* SessionService.swift */,
				F17F2AFF2C9016DD00C6804F /* SignUpView.swift */,
				F17F2ABB2C900FC500C6804F /* Assets.xcassets */,
				F17F2ABD2C900FC500C6804F /* Preview Content */,
				F14414072CBFE599005C4167 /* APIModels.swift */,
			);
			path = Observer;
			sourceTree = "<group>";
		};
		F17F2ABD2C900FC500C6804F /* Preview Content */ = {
			isa = PBXGroup;
			children = (
				F17F2ABE2C900FC500C6804F /* Preview Assets.xcassets */,
			);
			path = "Preview Content";
			sourceTree = "<group>";
		};
		F17F2AC72C900FC600C6804F /* ObserverTests */ = {
			isa = PBXGroup;
			children = (
				F1B735792C998FDF007A9844 /* APIClientTests.swift */,
			);
			path = ObserverTests;
			sourceTree = "<group>";
		};
		F17F2AD12C900FC600C6804F /* ObserverUITests */ = {
			isa = PBXGroup;
			children = (
				F17F2AD22C900FC600C6804F /* ObserverUITests.swift */,
				F17F2AD42C900FC600C6804F /* ObserverUITestsLaunchTests.swift */,
			);
			path = ObserverUITests;
			sourceTree = "<group>";
		};
/* End PBXGroup section */

/* Begin PBXNativeTarget section */
		F17F2AB32C900FC400C6804F /* Observer */ = {
			isa = PBXNativeTarget;
			buildConfigurationList = F17F2AD82C900FC600C6804F /* Build configuration list for PBXNativeTarget "Observer" */;
			buildPhases = (
				F17F2AB02C900FC400C6804F /* Sources */,
				F17F2AB12C900FC400C6804F /* Frameworks */,
				F17F2AB22C900FC400C6804F /* Resources */,
			);
			buildRules = (
			);
			dependencies = (
			);
			name = Observer;
			packageProductDependencies = (
			);
			productName = Observer;
			productReference = F17F2AB42C900FC400C6804F /* Observer.app */;
			productType = "com.apple.product-type.application";
		};
		F17F2AC32C900FC600C6804F /* ObserverTests */ = {
			isa = PBXNativeTarget;
			buildConfigurationList = F17F2ADB2C900FC600C6804F /* Build configuration list for PBXNativeTarget "ObserverTests" */;
			buildPhases = (
				F17F2AC02C900FC600C6804F /* Sources */,
				F17F2AC12C900FC600C6804F /* Frameworks */,
				F17F2AC22C900FC600C6804F /* Resources */,
			);
			buildRules = (
			);
			dependencies = (
				F17F2AC62C900FC600C6804F /* PBXTargetDependency */,
			);
			name = ObserverTests;
			productName = ObserverTests;
			productReference = F17F2AC42C900FC600C6804F /* ObserverTests.xctest */;
			productType = "com.apple.product-type.bundle.unit-test";
		};
		F17F2ACD2C900FC600C6804F /* ObserverUITests */ = {
			isa = PBXNativeTarget;
			buildConfigurationList = F17F2ADE2C900FC600C6804F /* Build configuration list for PBXNativeTarget "ObserverUITests" */;
			buildPhases = (
				F17F2ACA2C900FC600C6804F /* Sources */,
				F17F2ACB2C900FC600C6804F /* Frameworks */,
				F17F2ACC2C900FC600C6804F /* Resources */,
			);
			buildRules = (
			);
			dependencies = (
				F17F2AD02C900FC600C6804F /* PBXTargetDependency */,
			);
			name = ObserverUITests;
			productName = ObserverUITests;
			productReference = F17F2ACE2C900FC600C6804F /* ObserverUITests.xctest */;
			productType = "com.apple.product-type.bundle.ui-testing";
		};
/* End PBXNativeTarget section */

/* Begin PBXProject section */
		F17F2AAC2C900FC400C6804F /* Project object */ = {
			isa = PBXProject;
			attributes = {
				BuildIndependentTargetsInParallel = 1;
				LastSwiftUpdateCheck = 1540;
				LastUpgradeCheck = 1540;
				TargetAttributes = {
					F17F2AB32C900FC400C6804F = {
						CreatedOnToolsVersion = 15.4;
					};
					F17F2AC32C900FC600C6804F = {
						CreatedOnToolsVersion = 15.4;
						TestTargetID = F17F2AB32C900FC400C6804F;
					};
					F17F2ACD2C900FC600C6804F = {
						CreatedOnToolsVersion = 15.4;
						TestTargetID = F17F2AB32C900FC400C6804F;
					};
				};
			};
			buildConfigurationList = F17F2AAF2C900FC400C6804F /* Build configuration list for PBXProject "Observer" */;
			compatibilityVersion = "Xcode 14.0";
			developmentRegion = en;
			hasScannedForEncodings = 0;
			knownRegions = (
				en,
				Base,
			);
			mainGroup = F17F2AAB2C900FC400C6804F;
			packageReferences = (
				F17F2B012C9017C000C6804F /* XCRemoteSwiftPackageReference "GoogleSignIn-iOS" */,
			);
			productRefGroup = F17F2AB52C900FC400C6804F /* Products */;
			projectDirPath = "";
			projectRoot = "";
			targets = (
				F17F2AB32C900FC400C6804F /* Observer */,
				F17F2AC32C900FC600C6804F /* ObserverTests */,
				F17F2ACD2C900FC600C6804F /* ObserverUITests */,
			);
		};
/* End PBXProject section */

/* Begin PBXResourcesBuildPhase section */
		F17F2AB22C900FC400C6804F /* Resources */ = {
			isa = PBXResourcesBuildPhase;
			buildActionMask = 2147483647;
			files = (
				F17F2ABF2C900FC500C6804F /* Preview Assets.xcassets in Resources */,
				F1B735762C984266007A9844 /* .gitignore in Resources */,
				F17F2ABC2C900FC500C6804F /* Assets.xcassets in Resources */,
			);
			runOnlyForDeploymentPostprocessing = 0;
		};
		F17F2AC22C900FC600C6804F /* Resources */ = {
			isa = PBXResourcesBuildPhase;
			buildActionMask = 2147483647;
			files = (
				F1B735772C984266007A9844 /* .gitignore in Resources */,
			);
			runOnlyForDeploymentPostprocessing = 0;
		};
		F17F2ACC2C900FC600C6804F /* Resources */ = {
			isa = PBXResourcesBuildPhase;
			buildActionMask = 2147483647;
			files = (
				F1B735782C984266007A9844 /* .gitignore in Resources */,
			);
			runOnlyForDeploymentPostprocessing = 0;
		};
/* End PBXResourcesBuildPhase section */

/* Begin PBXSourcesBuildPhase section */
		F17F2AB02C900FC400C6804F /* Sources */ = {
			isa = PBXSourcesBuildPhase;
			buildActionMask = 2147483647;
			files = (
				F14414082CBFE599005C4167 /* APIModels.swift in Sources */,
				F17F2AEA2C9010DC00C6804F /* PriceHistoryChartView.swift in Sources */,
				F17F2AF82C9011F800C6804F /* APIClient.swift in Sources */,
				F17F2AE22C90106A00C6804F /* LoginView.swift in Sources */,
				F17F2AEC2C9010F300C6804F /* ProductResponseDto.swift in Sources */,
				F17F2AFE2C90166C00C6804F /* SearchResultsView.swift in Sources */,
				F17F2AFA2C90129400C6804F /* Constants.swift in Sources */,
				F17F2B0B2C91483F00C6804F /* FavoriteService.swift in Sources */,
				F17F2AF02C90111A00C6804F /* ProductCardView.swift in Sources */,
				F17F2AF42C90115200C6804F /* ProductDetailView.swift in Sources */,
				F1B735702C983AAE007A9844 /* AgreementView.swift in Sources */,
				F17F2AE62C9010A700C6804F /* OAuth2LoginButton.swift in Sources */,
				F17F2B002C9016DD00C6804F /* SignUpView.swift in Sources */,
				F17F2AF22C90113300C6804F /* SearchBarView.swift in Sources */,
				F1B735662C96BC10007A9844 /* ObserverApp.swift in Sources */,
				F17F2B0D2C91486C00C6804F /* FavoriteManager.swift in Sources */,
				F1E65AD82C92E413008C6721 /* AuthViewModel.swift in Sources */,
				F17F2AE82C9010BB00C6804F /* HomeView.swift in Sources */,
				F1B7356C2C96C265007A9844 /* SessionService.swift in Sources */,
				F17F2AFC2C9015D000C6804F /* LikesView.swift in Sources */,
				F1AEE4D32CB40DA60073FD9B /* Session.swift in Sources */,
				F1B7356A2C96C092007A9844 /* AppleSignInService.swift in Sources */,
				F17F2AE42C90108800C6804F /* NavigationBarView.swift in Sources */,
				F1B7356E2C96EC7F007A9844 /* SessionManager.swift in Sources */,
			);
			runOnlyForDeploymentPostprocessing = 0;
		};
		F17F2AC02C900FC600C6804F /* Sources */ = {
			isa = PBXSourcesBuildPhase;
			buildActionMask = 2147483647;
			files = (
				F1B7357A2C998FDF007A9844 /* APIClientTests.swift in Sources */,
			);
			runOnlyForDeploymentPostprocessing = 0;
		};
		F17F2ACA2C900FC600C6804F /* Sources */ = {
			isa = PBXSourcesBuildPhase;
			buildActionMask = 2147483647;
			files = (
				F17F2AD52C900FC600C6804F /* ObserverUITestsLaunchTests.swift in Sources */,
				F17F2AD32C900FC600C6804F /* ObserverUITests.swift in Sources */,
			);
			runOnlyForDeploymentPostprocessing = 0;
		};
/* End PBXSourcesBuildPhase section */

/* Begin PBXTargetDependency section */
		F17F2AC62C900FC600C6804F /* PBXTargetDependency */ = {
			isa = PBXTargetDependency;
			target = F17F2AB32C900FC400C6804F /* Observer */;
			targetProxy = F17F2AC52C900FC600C6804F /* PBXContainerItemProxy */;
		};
		F17F2AD02C900FC600C6804F /* PBXTargetDependency */ = {
			isa = PBXTargetDependency;
			target = F17F2AB32C900FC400C6804F /* Observer */;
			targetProxy = F17F2ACF2C900FC600C6804F /* PBXContainerItemProxy */;
		};
/* End PBXTargetDependency section */

/* Begin XCBuildConfiguration section */
		F17F2AD62C900FC600C6804F /* Debug */ = {
			isa = XCBuildConfiguration;
			buildSettings = {
				ALWAYS_SEARCH_USER_PATHS = NO;
				ASSETCATALOG_COMPILER_GENERATE_SWIFT_ASSET_SYMBOL_EXTENSIONS = YES;
				CLANG_ANALYZER_NONNULL = YES;
				CLANG_ANALYZER_NUMBER_OBJECT_CONVERSION = YES_AGGRESSIVE;
				CLANG_CXX_LANGUAGE_STANDARD = "gnu++20";
				CLANG_ENABLE_MODULES = YES;
				CLANG_ENABLE_OBJC_ARC = YES;
				CLANG_ENABLE_OBJC_WEAK = YES;
				CLANG_WARN_BLOCK_CAPTURE_AUTORELEASING = YES;
				CLANG_WARN_BOOL_CONVERSION = YES;
				CLANG_WARN_COMMA = YES;
				CLANG_WARN_CONSTANT_CONVERSION = YES;
				CLANG_WARN_DEPRECATED_OBJC_IMPLEMENTATIONS = YES;
				CLANG_WARN_DIRECT_OBJC_ISA_USAGE = YES_ERROR;
				CLANG_WARN_DOCUMENTATION_COMMENTS = YES;
				CLANG_WARN_EMPTY_BODY = YES;
				CLANG_WARN_ENUM_CONVERSION = YES;
				CLANG_WARN_INFINITE_RECURSION = YES;
				CLANG_WARN_INT_CONVERSION = YES;
				CLANG_WARN_NON_LITERAL_NULL_CONVERSION = YES;
				CLANG_WARN_OBJC_IMPLICIT_RETAIN_SELF = YES;
				CLANG_WARN_OBJC_LITERAL_CONVERSION = YES;
				CLANG_WARN_OBJC_ROOT_CLASS = YES_ERROR;
				CLANG_WARN_QUOTED_INCLUDE_IN_FRAMEWORK_HEADER = YES;
				CLANG_WARN_RANGE_LOOP_ANALYSIS = YES;
				CLANG_WARN_STRICT_PROTOTYPES = YES;
				CLANG_WARN_SUSPICIOUS_MOVE = YES;
				CLANG_WARN_UNGUARDED_AVAILABILITY = YES_AGGRESSIVE;
				CLANG_WARN_UNREACHABLE_CODE = YES;
				CLANG_WARN__DUPLICATE_METHOD_MATCH = YES;
				COPY_PHASE_STRIP = NO;
				DEBUG_INFORMATION_FORMAT = dwarf;
				ENABLE_STRICT_OBJC_MSGSEND = YES;
				ENABLE_TESTABILITY = YES;
				ENABLE_USER_SCRIPT_SANDBOXING = YES;
				GCC_C_LANGUAGE_STANDARD = gnu17;
				GCC_DYNAMIC_NO_PIC = NO;
				GCC_NO_COMMON_BLOCKS = YES;
				GCC_OPTIMIZATION_LEVEL = 0;
				GCC_PREPROCESSOR_DEFINITIONS = (
					"DEBUG=1",
					"$(inherited)",
				);
				GCC_WARN_64_TO_32_BIT_CONVERSION = YES;
				GCC_WARN_ABOUT_RETURN_TYPE = YES_ERROR;
				GCC_WARN_UNDECLARED_SELECTOR = YES;
				GCC_WARN_UNINITIALIZED_AUTOS = YES_AGGRESSIVE;
				GCC_WARN_UNUSED_FUNCTION = YES;
				GCC_WARN_UNUSED_VARIABLE = YES;
				IPHONEOS_DEPLOYMENT_TARGET = 17.5;
				LOCALIZATION_PREFERS_STRING_CATALOGS = YES;
				MTL_ENABLE_DEBUG_INFO = INCLUDE_SOURCE;
				MTL_FAST_MATH = YES;
				ONLY_ACTIVE_ARCH = YES;
				SDKROOT = iphoneos;
				SWIFT_ACTIVE_COMPILATION_CONDITIONS = "DEBUG $(inherited)";
				SWIFT_OPTIMIZATION_LEVEL = "-Onone";
			};
			name = Debug;
		};
		F17F2AD72C900FC600C6804F /* Release */ = {
			isa = XCBuildConfiguration;
			buildSettings = {
				ALWAYS_SEARCH_USER_PATHS = NO;
				ASSETCATALOG_COMPILER_GENERATE_SWIFT_ASSET_SYMBOL_EXTENSIONS = YES;
				CLANG_ANALYZER_NONNULL = YES;
				CLANG_ANALYZER_NUMBER_OBJECT_CONVERSION = YES_AGGRESSIVE;
				CLANG_CXX_LANGUAGE_STANDARD = "gnu++20";
				CLANG_ENABLE_MODULES = YES;
				CLANG_ENABLE_OBJC_ARC = YES;
				CLANG_ENABLE_OBJC_WEAK = YES;
				CLANG_WARN_BLOCK_CAPTURE_AUTORELEASING = YES;
				CLANG_WARN_BOOL_CONVERSION = YES;
				CLANG_WARN_COMMA = YES;
				CLANG_WARN_CONSTANT_CONVERSION = YES;
				CLANG_WARN_DEPRECATED_OBJC_IMPLEMENTATIONS = YES;
				CLANG_WARN_DIRECT_OBJC_ISA_USAGE = YES_ERROR;
				CLANG_WARN_DOCUMENTATION_COMMENTS = YES;
				CLANG_WARN_EMPTY_BODY = YES;
				CLANG_WARN_ENUM_CONVERSION = YES;
				CLANG_WARN_INFINITE_RECURSION = YES;
				CLANG_WARN_INT_CONVERSION = YES;
				CLANG_WARN_NON_LITERAL_NULL_CONVERSION = YES;
				CLANG_WARN_OBJC_IMPLICIT_RETAIN_SELF = YES;
				CLANG_WARN_OBJC_LITERAL_CONVERSION = YES;
				CLANG_WARN_OBJC_ROOT_CLASS = YES_ERROR;
				CLANG_WARN_QUOTED_INCLUDE_IN_FRAMEWORK_HEADER = YES;
				CLANG_WARN_RANGE_LOOP_ANALYSIS = YES;
				CLANG_WARN_STRICT_PROTOTYPES = YES;
				CLANG_WARN_SUSPICIOUS_MOVE = YES;
				CLANG_WARN_UNGUARDED_AVAILABILITY = YES_AGGRESSIVE;
				CLANG_WARN_UNREACHABLE_CODE = YES;
				CLANG_WARN__DUPLICATE_METHOD_MATCH = YES;
				COPY_PHASE_STRIP = NO;
				DEBUG_INFORMATION_FORMAT = "dwarf-with-dsym";
				ENABLE_NS_ASSERTIONS = NO;
				ENABLE_STRICT_OBJC_MSGSEND = YES;
				ENABLE_USER_SCRIPT_SANDBOXING = YES;
				GCC_C_LANGUAGE_STANDARD = gnu17;
				GCC_NO_COMMON_BLOCKS = YES;
				GCC_WARN_64_TO_32_BIT_CONVERSION = YES;
				GCC_WARN_ABOUT_RETURN_TYPE = YES_ERROR;
				GCC_WARN_UNDECLARED_SELECTOR = YES;
				GCC_WARN_UNINITIALIZED_AUTOS = YES_AGGRESSIVE;
				GCC_WARN_UNUSED_FUNCTION = YES;
				GCC_WARN_UNUSED_VARIABLE = YES;
				IPHONEOS_DEPLOYMENT_TARGET = 17.5;
				LOCALIZATION_PREFERS_STRING_CATALOGS = YES;
				MTL_ENABLE_DEBUG_INFO = NO;
				MTL_FAST_MATH = YES;
				SDKROOT = iphoneos;
				SWIFT_COMPILATION_MODE = wholemodule;
				VALIDATE_PRODUCT = YES;
			};
			name = Release;
		};
		F17F2AD92C900FC600C6804F /* Debug */ = {
			isa = XCBuildConfiguration;
			buildSettings = {
				ASSETCATALOG_COMPILER_APPICON_NAME = AppIcon;
				ASSETCATALOG_COMPILER_GLOBAL_ACCENT_COLOR_NAME = AccentColor;
				CODE_SIGN_ENTITLEMENTS = Observer/Observer.entitlements;
				CODE_SIGN_STYLE = Automatic;
				CURRENT_PROJECT_VERSION = 1;
				DEVELOPMENT_ASSET_PATHS = "\"Observer/Preview Content\"";
				DEVELOPMENT_TEAM = 9UM7U5V24C;
				ENABLE_PREVIEWS = YES;
				GENERATE_INFOPLIST_FILE = YES;
				INFOPLIST_KEY_UIApplicationSceneManifest_Generation = YES;
				INFOPLIST_KEY_UIApplicationSupportsIndirectInputEvents = YES;
				INFOPLIST_KEY_UILaunchScreen_Generation = YES;
				INFOPLIST_KEY_UISupportedInterfaceOrientations_iPad = "UIInterfaceOrientationPortrait UIInterfaceOrientationPortraitUpsideDown UIInterfaceOrientationLandscapeLeft UIInterfaceOrientationLandscapeRight";
				INFOPLIST_KEY_UISupportedInterfaceOrientations_iPhone = "UIInterfaceOrientationPortrait UIInterfaceOrientationLandscapeLeft UIInterfaceOrientationLandscapeRight";
				LD_RUNPATH_SEARCH_PATHS = (
					"$(inherited)",
					"@executable_path/Frameworks",
				);
				MARKETING_VERSION = 1.0;
				PRODUCT_BUNDLE_IDENTIFIER = store.musinsaobserver.app;
				PRODUCT_NAME = "$(TARGET_NAME)";
				SWIFT_EMIT_LOC_STRINGS = YES;
				SWIFT_VERSION = 5.0;
				TARGETED_DEVICE_FAMILY = "1,2";
			};
			name = Debug;
		};
		F17F2ADA2C900FC600C6804F /* Release */ = {
			isa = XCBuildConfiguration;
			buildSettings = {
				ASSETCATALOG_COMPILER_APPICON_NAME = AppIcon;
				ASSETCATALOG_COMPILER_GLOBAL_ACCENT_COLOR_NAME = AccentColor;
				CODE_SIGN_ENTITLEMENTS = Observer/Observer.entitlements;
				CODE_SIGN_STYLE = Automatic;
				CURRENT_PROJECT_VERSION = 1;
				DEVELOPMENT_ASSET_PATHS = "\"Observer/Preview Content\"";
				DEVELOPMENT_TEAM = 9UM7U5V24C;
				ENABLE_PREVIEWS = YES;
				GENERATE_INFOPLIST_FILE = YES;
				INFOPLIST_KEY_UIApplicationSceneManifest_Generation = YES;
				INFOPLIST_KEY_UIApplicationSupportsIndirectInputEvents = YES;
				INFOPLIST_KEY_UILaunchScreen_Generation = YES;
				INFOPLIST_KEY_UISupportedInterfaceOrientations_iPad = "UIInterfaceOrientationPortrait UIInterfaceOrientationPortraitUpsideDown UIInterfaceOrientationLandscapeLeft UIInterfaceOrientationLandscapeRight";
				INFOPLIST_KEY_UISupportedInterfaceOrientations_iPhone = "UIInterfaceOrientationPortrait UIInterfaceOrientationLandscapeLeft UIInterfaceOrientationLandscapeRight";
				LD_RUNPATH_SEARCH_PATHS = (
					"$(inherited)",
					"@executable_path/Frameworks",
				);
				MARKETING_VERSION = 1.0;
				PRODUCT_BUNDLE_IDENTIFIER = store.musinsaobserver.app;
				PRODUCT_NAME = "$(TARGET_NAME)";
				SWIFT_EMIT_LOC_STRINGS = YES;
				SWIFT_VERSION = 5.0;
				TARGETED_DEVICE_FAMILY = "1,2";
			};
			name = Release;
		};
		F17F2ADC2C900FC600C6804F /* Debug */ = {
			isa = XCBuildConfiguration;
			buildSettings = {
				ALWAYS_EMBED_SWIFT_STANDARD_LIBRARIES = YES;
				BUNDLE_LOADER = "$(TEST_HOST)";
				CODE_SIGN_STYLE = Automatic;
				CURRENT_PROJECT_VERSION = 1;
				DEVELOPMENT_TEAM = 9UM7U5V24C;
				GENERATE_INFOPLIST_FILE = YES;
				IPHONEOS_DEPLOYMENT_TARGET = 17.5;
				MARKETING_VERSION = 1.0;
				PRODUCT_BUNDLE_IDENTIFIER = Musinsa.ObserverTests;
				PRODUCT_NAME = "$(TARGET_NAME)";
				SWIFT_EMIT_LOC_STRINGS = NO;
				SWIFT_VERSION = 5.0;
				TARGETED_DEVICE_FAMILY = "1,2";
				TEST_HOST = "$(BUILT_PRODUCTS_DIR)/Observer.app/$(BUNDLE_EXECUTABLE_FOLDER_PATH)/Observer";
			};
			name = Debug;
		};
		F17F2ADD2C900FC600C6804F /* Release */ = {
			isa = XCBuildConfiguration;
			buildSettings = {
				ALWAYS_EMBED_SWIFT_STANDARD_LIBRARIES = YES;
				BUNDLE_LOADER = "$(TEST_HOST)";
				CODE_SIGN_STYLE = Automatic;
				CURRENT_PROJECT_VERSION = 1;
				DEVELOPMENT_TEAM = 9UM7U5V24C;
				GENERATE_INFOPLIST_FILE = YES;
				IPHONEOS_DEPLOYMENT_TARGET = 17.5;
				MARKETING_VERSION = 1.0;
				PRODUCT_BUNDLE_IDENTIFIER = Musinsa.ObserverTests;
				PRODUCT_NAME = "$(TARGET_NAME)";
				SWIFT_EMIT_LOC_STRINGS = NO;
				SWIFT_VERSION = 5.0;
				TARGETED_DEVICE_FAMILY = "1,2";
				TEST_HOST = "$(BUILT_PRODUCTS_DIR)/Observer.app/$(BUNDLE_EXECUTABLE_FOLDER_PATH)/Observer";
			};
			name = Release;
		};
		F17F2ADF2C900FC600C6804F /* Debug */ = {
			isa = XCBuildConfiguration;
			buildSettings = {
				ALWAYS_EMBED_SWIFT_STANDARD_LIBRARIES = YES;
				CODE_SIGN_STYLE = Automatic;
				CURRENT_PROJECT_VERSION = 1;
				DEVELOPMENT_TEAM = 9UM7U5V24C;
				GENERATE_INFOPLIST_FILE = YES;
				MARKETING_VERSION = 1.0;
				PRODUCT_BUNDLE_IDENTIFIER = Musinsa.ObserverUITests;
				PRODUCT_NAME = "$(TARGET_NAME)";
				SWIFT_EMIT_LOC_STRINGS = NO;
				SWIFT_VERSION = 5.0;
				TARGETED_DEVICE_FAMILY = "1,2";
				TEST_TARGET_NAME = Observer;
			};
			name = Debug;
		};
		F17F2AE02C900FC600C6804F /* Release */ = {
			isa = XCBuildConfiguration;
			buildSettings = {
				ALWAYS_EMBED_SWIFT_STANDARD_LIBRARIES = YES;
				CODE_SIGN_STYLE = Automatic;
				CURRENT_PROJECT_VERSION = 1;
				DEVELOPMENT_TEAM = 9UM7U5V24C;
				GENERATE_INFOPLIST_FILE = YES;
				MARKETING_VERSION = 1.0;
				PRODUCT_BUNDLE_IDENTIFIER = Musinsa.ObserverUITests;
				PRODUCT_NAME = "$(TARGET_NAME)";
				SWIFT_EMIT_LOC_STRINGS = NO;
				SWIFT_VERSION = 5.0;
				TARGETED_DEVICE_FAMILY = "1,2";
				TEST_TARGET_NAME = Observer;
			};
			name = Release;
		};
/* End XCBuildConfiguration section */

/* Begin XCConfigurationList section */
		F17F2AAF2C900FC400C6804F /* Build configuration list for PBXProject "Observer" */ = {
			isa = XCConfigurationList;
			buildConfigurations = (
				F17F2AD62C900FC600C6804F /* Debug */,
				F17F2AD72C900FC600C6804F /* Release */,
			);
			defaultConfigurationIsVisible = 0;
			defaultConfigurationName = Release;
		};
		F17F2AD82C900FC600C6804F /* Build configuration list for PBXNativeTarget "Observer" */ = {
			isa = XCConfigurationList;
			buildConfigurations = (
				F17F2AD92C900FC600C6804F /* Debug */,
				F17F2ADA2C900FC600C6804F /* Release */,
			);
			defaultConfigurationIsVisible = 0;
			defaultConfigurationName = Release;
		};
		F17F2ADB2C900FC600C6804F /* Build configuration list for PBXNativeTarget "ObserverTests" */ = {
			isa = XCConfigurationList;
			buildConfigurations = (
				F17F2ADC2C900FC600C6804F /* Debug */,
				F17F2ADD2C900FC600C6804F /* Release */,
			);
			defaultConfigurationIsVisible = 0;
			defaultConfigurationName = Release;
		};
		F17F2ADE2C900FC600C6804F /* Build configuration list for PBXNativeTarget "ObserverUITests" */ = {
			isa = XCConfigurationList;
			buildConfigurations = (
				F17F2ADF2C900FC600C6804F /* Debug */,
				F17F2AE02C900FC600C6804F /* Release */,
			);
			defaultConfigurationIsVisible = 0;
			defaultConfigurationName = Release;
		};
/* End XCConfigurationList section */

/* Begin XCRemoteSwiftPackageReference section */
		F17F2B012C9017C000C6804F /* XCRemoteSwiftPackageReference "GoogleSignIn-iOS" */ = {
			isa = XCRemoteSwiftPackageReference;
			repositoryURL = "https://github.com/google/GoogleSignIn-iOS";
			requirement = {
				kind = upToNextMajorVersion;
				minimumVersion = 8.0.0;
			};
		};
/* End XCRemoteSwiftPackageReference section */
	};
	rootObject = F17F2AAC2C900FC400C6804F /* Project object */;
}
